
Microsoft Visual Studio Solution File, Format Version 12.00
# Visual Studio Version 16
VisualStudioVersion = 16.0.33801.447
MinimumVisualStudioVersion = 10.0.40219.1
Project("{8BC9CEB8-8B4A-11D0-8D11-00A0C91BC942}") = "note", "note\note.vcxproj", "{C18C6E3E-4323-41E1-A5DA-187E9CDC0280}"
EndProject
Global
	GlobalSection(SolutionConfigurationPlatforms) = preSolution
		Debug|x64 = Debug|x64
		Debug|x86 = Debug|x86
		Release|x64 = Release|x64
		Release|x86 = Release|x86
	EndGlobalSection
	GlobalSection(ProjectConfigurationPlatforms) = postSolution
		{C18C6E3E-4323-41E1-A5DA-187E9CDC0280}.Debug|x64.ActiveCfg = Debug|x64
		{C18C6E3E-4323-41E1-A5DA-187E9CDC0280}.Debug|x64.Build.0 = Debug|x64
		{C18C6E3E-4323-41E1-A5DA-187E9CDC0280}.Debug|x86.ActiveCfg = Debug|Win32
		{C18C6E3E-4323-41E1-A5DA-187E9CDC0280}.Debug|x86.Build.0 = Debug|Win32
		{C18C6E3E-4323-41E1-A5DA-187E9CDC0280}.Release|x64.ActiveCfg = Release|x64
		{C18C6E3E-4323-41E1-A5DA-187E9CDC0280}.Release|x64.Build.0 = Release|x64
		{C18C6E3E-4323-41E1-A5DA-187E9CDC0280}.Release|x86.ActiveCfg = Release|Win32
		{C18C6E3E-4323-41E1-A5DA-187E9CDC0280}.Release|x86.Build.0 = Release|Win32
	EndGlobalSection
	GlobalSection(SolutionProperties) = preSolution
		HideSolutionNode = FALSE
	EndGlobalSection
	GlobalSection(ExtensibilityGlobals) = postSolution
		SolutionGuid = {B2B70E73-9D44-4E38-B498-DE5F86E23D6C}
	EndGlobalSection
EndGlobal
